
Microsoft Visual Studio Solution File, Format Version 12.00
# Visual Studio Version 17
VisualStudioVersion = 17.13.35825.156 d17.13
MinimumVisualStudioVersion = 10.0.40219.1
Project("{FAE04EC0-301F-11D3-BF4B-00C04F79EFBC}") = "GamersInfoApp", "GamersInfoApp\GamersInfoApp.csproj", "{0ADCD03D-2D82-41F0-ABEF-DA9223ADC750}"
EndProject
Global
	GlobalSection(SolutionConfigurationPlatforms) = preSolution
		Debug|Any CPU = Debug|Any CPU
		Release|Any CPU = Release|Any CPU
	EndGlobalSection
	GlobalSection(ProjectConfigurationPlatforms) = postSolution
		{0ADCD03D-2D82-41F0-ABEF-DA9223ADC750}.Debug|Any CPU.ActiveCfg = Debug|Any CPU
		{0ADCD03D-2D82-41F0-ABEF-DA9223ADC750}.Debug|Any CPU.Build.0 = Debug|Any CPU
		{0ADCD03D-2D82-41F0-ABEF-DA9223ADC750}.Release|Any CPU.ActiveCfg = Release|Any CPU
		{0ADCD03D-2D82-41F0-ABEF-DA9223ADC750}.Release|Any CPU.Build.0 = Release|Any CPU
	EndGlobalSection
	GlobalSection(SolutionProperties) = preSolution
		HideSolutionNode = FALSE
	EndGlobalSection
	GlobalSection(ExtensibilityGlobals) = postSolution
		SolutionGuid = {40252335-780B-4611-9B76-9FA473D3501D}
	EndGlobalSection
EndGlobal
